// !$*UTF8*$!
{
	archiveVersion = 1;
	classes = {
	};
	objectVersion = 55;
	objects = {

/* Begin PBXBuildFile section */
		402D01542897FD80008BEAA6 /* AppDelegate.swift in Sources */ = {isa = PBXBuildFile; fileRef = 402D01532897FD80008BEAA6 /* AppDelegate.swift */; };
		402D01562897FD80008BEAA6 /* SceneDelegate.swift in Sources */ = {isa = PBXBuildFile; fileRef = 402D01552897FD80008BEAA6 /* SceneDelegate.swift */; };
		402D01582897FD80008BEAA6 /* ViewController.swift in Sources */ = {isa = PBXBuildFile; fileRef = 402D01572897FD80008BEAA6 /* ViewController.swift */; };
		402D015B2897FD80008BEAA6 /* Main.storyboard in Resources */ = {isa = PBXBuildFile; fileRef = 402D01592897FD80008BEAA6 /* Main.storyboard */; };
		402D015D2897FD81008BEAA6 /* Assets.xcassets in Resources */ = {isa = PBXBuildFile; fileRef = 402D015C2897FD81008BEAA6 /* Assets.xcassets */; };
		402D01602897FD81008BEAA6 /* LaunchScreen.storyboard in Resources */ = {isa = PBXBuildFile; fileRef = 402D015E2897FD81008BEAA6 /* LaunchScreen.storyboard */; };
		402D016A28980D85008BEAA6 /* PayWallViewController.swift in Sources */ = {isa = PBXBuildFile; fileRef = 402D016928980D85008BEAA6 /* PayWallViewController.swift */; };
		402D016C28980F19008BEAA6 /* PayWallView.swift in Sources */ = {isa = PBXBuildFile; fileRef = 402D016B28980F19008BEAA6 /* PayWallView.swift */; };
		402D016E28981BCF008BEAA6 /* PayOptionView.swift in Sources */ = {isa = PBXBuildFile; fileRef = 402D016D28981BCF008BEAA6 /* PayOptionView.swift */; };
		E7A263AA0119112049EDEF04 /* Pods_Sport_Center.framework in Frameworks */ = {isa = PBXBuildFile; fileRef = C45839B8B7642BE7373D82D3 /* Pods_Sport_Center.framework */; };
/* End PBXBuildFile section */

/* Begin PBXFileReference section */
		0DB6C30E2FFE9161FB488327 /* Pods-Sport Center.release.xcconfig */ = {isa = PBXFileReference; includeInIndex = 1; lastKnownFileType = text.xcconfig; name = "Pods-Sport Center.release.xcconfig"; path = "Target Support Files/Pods-Sport Center/Pods-Sport Center.release.xcconfig"; sourceTree = "<group>"; };
		127AE2483C8A3DDE6F97535B /* Pods-Sport Center.debug.xcconfig */ = {isa = PBXFileReference; includeInIndex = 1; lastKnownFileType = text.xcconfig; name = "Pods-Sport Center.debug.xcconfig"; path = "Target Support Files/Pods-Sport Center/Pods-Sport Center.debug.xcconfig"; sourceTree = "<group>"; };
		402D01502897FD80008BEAA6 /* Sport Center.app */ = {isa = PBXFileReference; explicitFileType = wrapper.application; includeInIndex = 0; path = "Sport Center.app"; sourceTree = BUILT_PRODUCTS_DIR; };
		402D01532897FD80008BEAA6 /* AppDelegate.swift */ = {isa = PBXFileReference; lastKnownFileType = sourcecode.swift; path = AppDelegate.swift; sourceTree = "<group>"; };
		402D01552897FD80008BEAA6 /* SceneDelegate.swift */ = {isa = PBXFileReference; lastKnownFileType = sourcecode.swift; path = SceneDelegate.swift; sourceTree = "<group>"; };
		402D01572897FD80008BEAA6 /* ViewController.swift */ = {isa = PBXFileReference; lastKnownFileType = sourcecode.swift; path = ViewController.swift; sourceTree = "<group>"; };
		402D015A2897FD80008BEAA6 /* Base */ = {isa = PBXFileReference; lastKnownFileType = file.storyboard; name = Base; path = Base.lproj/Main.storyboard; sourceTree = "<group>"; };
		402D015C2897FD81008BEAA6 /* Assets.xcassets */ = {isa = PBXFileReference; lastKnownFileType = folder.assetcatalog; path = Assets.xcassets; sourceTree = "<group>"; };
		402D015F2897FD81008BEAA6 /* Base */ = {isa = PBXFileReference; lastKnownFileType = file.storyboard; name = Base; path = Base.lproj/LaunchScreen.storyboard; sourceTree = "<group>"; };
		402D01612897FD81008BEAA6 /* Info.plist */ = {isa = PBXFileReference; lastKnownFileType = text.plist.xml; path = Info.plist; sourceTree = "<group>"; };
		402D016728980484008BEAA6 /* Configuration.storekit */ = {isa = PBXFileReference; lastKnownFileType = text; path = Configuration.storekit; sourceTree = "<group>"; };
		402D016928980D85008BEAA6 /* PayWallViewController.swift */ = {isa = PBXFileReference; lastKnownFileType = sourcecode.swift; path = PayWallViewController.swift; sourceTree = "<group>"; };
		402D016B28980F19008BEAA6 /* PayWallView.swift */ = {isa = PBXFileReference; lastKnownFileType = sourcecode.swift; path = PayWallView.swift; sourceTree = "<group>"; };
		402D016D28981BCF008BEAA6 /* PayOptionView.swift */ = {isa = PBXFileReference; lastKnownFileType = sourcecode.swift; path = PayOptionView.swift; sourceTree = "<group>"; };
		C45839B8B7642BE7373D82D3 /* Pods_Sport_Center.framework */ = {isa = PBXFileReference; explicitFileType = wrapper.framework; includeInIndex = 0; path = Pods_Sport_Center.framework; sourceTree = BUILT_PRODUCTS_DIR; };
/* End PBXFileReference section */

/* Begin PBXFrameworksBuildPhase section */
		402D014D2897FD80008BEAA6 /* Frameworks */ = {
			isa = PBXFrameworksBuildPhase;
			buildActionMask = 2147483647;
			files = (
				E7A263AA0119112049EDEF04 /* Pods_Sport_Center.framework in Frameworks */,
			);
			runOnlyForDeploymentPostprocessing = 0;
		};
/* End PBXFrameworksBuildPhase section */

/* Begin PBXGroup section */
		266F601DDB2EF2B726276DD6 /* Frameworks */ = {
			isa = PBXGroup;
			children = (
				C45839B8B7642BE7373D82D3 /* Pods_Sport_Center.framework */,
			);
			name = Frameworks;
			sourceTree = "<group>";
		};
		402D01472897FD80008BEAA6 = {
			isa = PBXGroup;
			children = (
				402D016728980484008BEAA6 /* Configuration.storekit */,
				402D01522897FD80008BEAA6 /* Sport Center */,
				402D01512897FD80008BEAA6 /* Products */,
				9004F5BB306FCB7CD4E05354 /* Pods */,
				266F601DDB2EF2B726276DD6 /* Frameworks */,
			);
			sourceTree = "<group>";
		};
		402D01512897FD80008BEAA6 /* Products */ = {
			isa = PBXGroup;
			children = (
				402D01502897FD80008BEAA6 /* Sport Center.app */,
			);
			name = Products;
			sourceTree = "<group>";
		};
		402D01522897FD80008BEAA6 /* Sport Center */ = {
			isa = PBXGroup;
			children = (
				402D016828980D6C008BEAA6 /* Paywall */,
				402D01532897FD80008BEAA6 /* AppDelegate.swift */,
				402D01552897FD80008BEAA6 /* SceneDelegate.swift */,
				402D01572897FD80008BEAA6 /* ViewController.swift */,
				402D01592897FD80008BEAA6 /* Main.storyboard */,
				402D015C2897FD81008BEAA6 /* Assets.xcassets */,
				402D015E2897FD81008BEAA6 /* LaunchScreen.storyboard */,
				402D01612897FD81008BEAA6 /* Info.plist */,
			);
			path = "Sport Center";
			sourceTree = "<group>";
		};
		402D016828980D6C008BEAA6 /* Paywall */ = {
			isa = PBXGroup;
			children = (
				402D016928980D85008BEAA6 /* PayWallViewController.swift */,
				402D016B28980F19008BEAA6 /* PayWallView.swift */,
				402D016D28981BCF008BEAA6 /* PayOptionView.swift */,
			);
			path = Paywall;
			sourceTree = "<group>";
		};
		9004F5BB306FCB7CD4E05354 /* Pods */ = {
			isa = PBXGroup;
			children = (
				127AE2483C8A3DDE6F97535B /* Pods-Sport Center.debug.xcconfig */,
				0DB6C30E2FFE9161FB488327 /* Pods-Sport Center.release.xcconfig */,
			);
			path = Pods;
			sourceTree = "<group>";
		};
/* End PBXGroup section */

/* Begin PBXNativeTarget section */
		402D014F2897FD80008BEAA6 /* Sport Center */ = {
			isa = PBXNativeTarget;
			buildConfigurationList = 402D01642897FD81008BEAA6 /* Build configuration list for PBXNativeTarget "Sport Center" */;
			buildPhases = (
				3D63C4EA653C747DDBD7810F /* [CP] Check Pods Manifest.lock */,
				402D014C2897FD80008BEAA6 /* Sources */,
				402D014D2897FD80008BEAA6 /* Frameworks */,
				402D014E2897FD80008BEAA6 /* Resources */,
				ED144C01BF2174451F977471 /* [CP] Embed Pods Frameworks */,
			);
			buildRules = (
			);
			dependencies = (
			);
			name = "Sport Center";
			productName = "Sport Center";
			productReference = 402D01502897FD80008BEAA6 /* Sport Center.app */;
			productType = "com.apple.product-type.application";
		};
/* End PBXNativeTarget section */

/* Begin PBXProject section */
		402D01482897FD80008BEAA6 /* Project object */ = {
			isa = PBXProject;
			attributes = {
				BuildIndependentTargetsInParallel = 1;
				LastSwiftUpdateCheck = 1340;
				LastUpgradeCheck = 1340;
				TargetAttributes = {
					402D014F2897FD80008BEAA6 = {
						CreatedOnToolsVersion = 13.4.1;
					};
				};
			};
			buildConfigurationList = 402D014B2897FD80008BEAA6 /* Build configuration list for PBXProject "Sport Center" */;
			compatibilityVersion = "Xcode 13.0";
			developmentRegion = en;
			hasScannedForEncodings = 0;
			knownRegions = (
				en,
				Base,
			);
			mainGroup = 402D01472897FD80008BEAA6;
			productRefGroup = 402D01512897FD80008BEAA6 /* Products */;
			projectDirPath = "";
			projectRoot = "";
			targets = (
				402D014F2897FD80008BEAA6 /* Sport Center */,
			);
		};
/* End PBXProject section */

/* Begin PBXResourcesBuildPhase section */
		402D014E2897FD80008BEAA6 /* Resources */ = {
			isa = PBXResourcesBuildPhase;
			buildActionMask = 2147483647;
			files = (
				402D01602897FD81008BEAA6 /* LaunchScreen.storyboard in Resources */,
				402D015D2897FD81008BEAA6 /* Assets.xcassets in Resources */,
				402D015B2897FD80008BEAA6 /* Main.storyboard in Resources */,
			);
			runOnlyForDeploymentPostprocessing = 0;
		};
/* End PBXResourcesBuildPhase section */

/* Begin PBXShellScriptBuildPhase section */
		3D63C4EA653C747DDBD7810F /* [CP] Check Pods Manifest.lock */ = {
			isa = PBXShellScriptBuildPhase;
			buildActionMask = 2147483647;
			files = (
			);
			inputFileListPaths = (
			);
			inputPaths = (
				"${PODS_PODFILE_DIR_PATH}/Podfile.lock",
				"${PODS_ROOT}/Manifest.lock",
			);
			name = "[CP] Check Pods Manifest.lock";
			outputFileListPaths = (
			);
			outputPaths = (
				"$(DERIVED_FILE_DIR)/Pods-Sport Center-checkManifestLockResult.txt",
			);
			runOnlyForDeploymentPostprocessing = 0;
			shellPath = /bin/sh;
			shellScript = "diff \"${PODS_PODFILE_DIR_PATH}/Podfile.lock\" \"${PODS_ROOT}/Manifest.lock\" > /dev/null\nif [ $? != 0 ] ; then\n    # print error to STDERR\n    echo \"error: The sandbox is not in sync with the Podfile.lock. Run 'pod install' or update your CocoaPods installation.\" >&2\n    exit 1\nfi\n# This output is used by Xcode 'outputs' to avoid re-running this script phase.\necho \"SUCCESS\" > \"${SCRIPT_OUTPUT_FILE_0}\"\n";
			showEnvVarsInLog = 0;
		};
		ED144C01BF2174451F977471 /* [CP] Embed Pods Frameworks */ = {
			isa = PBXShellScriptBuildPhase;
			buildActionMask = 2147483647;
			files = (
			);
			inputFileListPaths = (
				"${PODS_ROOT}/Target Support Files/Pods-Sport Center/Pods-Sport Center-frameworks-${CONFIGURATION}-input-files.xcfilelist",
			);
			name = "[CP] Embed Pods Frameworks";
			outputFileListPaths = (
				"${PODS_ROOT}/Target Support Files/Pods-Sport Center/Pods-Sport Center-frameworks-${CONFIGURATION}-output-files.xcfilelist",
			);
			runOnlyForDeploymentPostprocessing = 0;
			shellPath = /bin/sh;
			shellScript = "\"${PODS_ROOT}/Target Support Files/Pods-Sport Center/Pods-Sport Center-frameworks.sh\"\n";
			showEnvVarsInLog = 0;
		};
/* End PBXShellScriptBuildPhase section */

/* Begin PBXSourcesBuildPhase section */
		402D014C2897FD80008BEAA6 /* Sources */ = {
			isa = PBXSourcesBuildPhase;
			buildActionMask = 2147483647;
			files = (
				402D01582897FD80008BEAA6 /* ViewController.swift in Sources */,
				402D01542897FD80008BEAA6 /* AppDelegate.swift in Sources */,
				402D016E28981BCF008BEAA6 /* PayOptionView.swift in Sources */,
				402D016C28980F19008BEAA6 /* PayWallView.swift in Sources */,
				402D01562897FD80008BEAA6 /* SceneDelegate.swift in Sources */,
				402D016A28980D85008BEAA6 /* PayWallViewController.swift in Sources */,
			);
			runOnlyForDeploymentPostprocessing = 0;
		};
/* End PBXSourcesBuildPhase section */

/* Begin PBXVariantGroup section */
		402D01592897FD80008BEAA6 /* Main.storyboard */ = {
			isa = PBXVariantGroup;
			children = (
				402D015A2897FD80008BEAA6 /* Base */,
			);
			name = Main.storyboard;
			sourceTree = "<group>";
		};
		402D015E2897FD81008BEAA6 /* LaunchScreen.storyboard */ = {
			isa = PBXVariantGroup;
			children = (
				402D015F2897FD81008BEAA6 /* Base */,
			);
			name = LaunchScreen.storyboard;
			sourceTree = "<group>";
		};
/* End PBXVariantGroup section */

/* Begin XCBuildConfiguration section */
		402D01622897FD81008BEAA6 /* Debug */ = {
			isa = XCBuildConfiguration;
			buildSettings = {
				ALWAYS_SEARCH_USER_PATHS = NO;
				CLANG_ANALYZER_NONNULL = YES;
				CLANG_ANALYZER_NUMBER_OBJECT_CONVERSION = YES_AGGRESSIVE;
				CLANG_CXX_LANGUAGE_STANDARD = "gnu++17";
				CLANG_ENABLE_MODULES = YES;
				CLANG_ENABLE_OBJC_ARC = YES;
				CLANG_ENABLE_OBJC_WEAK = YES;
				CLANG_WARN_BLOCK_CAPTURE_AUTORELEASING = YES;
				CLANG_WARN_BOOL_CONVERSION = YES;
				CLANG_WARN_COMMA = YES;
				CLANG_WARN_CONSTANT_CONVERSION = YES;
				CLANG_WARN_DEPRECATED_OBJC_IMPLEMENTATIONS = YES;
				CLANG_WARN_DIRECT_OBJC_ISA_USAGE = YES_ERROR;
				CLANG_WARN_DOCUMENTATION_COMMENTS = YES;
				CLANG_WARN_EMPTY_BODY = YES;
				CLANG_WARN_ENUM_CONVERSION = YES;
				CLANG_WARN_INFINITE_RECURSION = YES;
				CLANG_WARN_INT_CONVERSION = YES;
				CLANG_WARN_NON_LITERAL_NULL_CONVERSION = YES;
				CLANG_WARN_OBJC_IMPLICIT_RETAIN_SELF = YES;
				CLANG_WARN_OBJC_LITERAL_CONVERSION = YES;
				CLANG_WARN_OBJC_ROOT_CLASS = YES_ERROR;
				CLANG_WARN_QUOTED_INCLUDE_IN_FRAMEWORK_HEADER = YES;
				CLANG_WARN_RANGE_LOOP_ANALYSIS = YES;
				CLANG_WARN_STRICT_PROTOTYPES = YES;
				CLANG_WARN_SUSPICIOUS_MOVE = YES;
				CLANG_WARN_UNGUARDED_AVAILABILITY = YES_AGGRESSIVE;
				CLANG_WARN_UNREACHABLE_CODE = YES;
				CLANG_WARN__DUPLICATE_METHOD_MATCH = YES;
				COPY_PHASE_STRIP = NO;
				DEBUG_INFORMATION_FORMAT = dwarf;
				ENABLE_STRICT_OBJC_MSGSEND = YES;
				ENABLE_TESTABILITY = YES;
				GCC_C_LANGUAGE_STANDARD = gnu11;
				GCC_DYNAMIC_NO_PIC = NO;
				GCC_NO_COMMON_BLOCKS = YES;
				GCC_OPTIMIZATION_LEVEL = 0;
				GCC_PREPROCESSOR_DEFINITIONS = (
					"DEBUG=1",
					"$(inherited)",
				);
				GCC_WARN_64_TO_32_BIT_CONVERSION = YES;
				GCC_WARN_ABOUT_RETURN_TYPE = YES_ERROR;
				GCC_WARN_UNDECLARED_SELECTOR = YES;
				GCC_WARN_UNINITIALIZED_AUTOS = YES_AGGRESSIVE;
				GCC_WARN_UNUSED_FUNCTION = YES;
				GCC_WARN_UNUSED_VARIABLE = YES;
				IPHONEOS_DEPLOYMENT_TARGET = 15.5;
				MTL_ENABLE_DEBUG_INFO = INCLUDE_SOURCE;
				MTL_FAST_MATH = YES;
				ONLY_ACTIVE_ARCH = YES;
				SDKROOT = iphoneos;
				SWIFT_ACTIVE_COMPILATION_CONDITIONS = DEBUG;
				SWIFT_OPTIMIZATION_LEVEL = "-Onone";
			};
			name = Debug;
		};
		402D01632897FD81008BEAA6 /* Release */ = {
			isa = XCBuildConfiguration;
			buildSettings = {
				ALWAYS_SEARCH_USER_PATHS = NO;
				CLANG_ANALYZER_NONNULL = YES;
				CLANG_ANALYZER_NUMBER_OBJECT_CONVERSION = YES_AGGRESSIVE;
				CLANG_CXX_LANGUAGE_STANDARD = "gnu++17";
				CLANG_ENABLE_MODULES = YES;
				CLANG_ENABLE_OBJC_ARC = YES;
				CLANG_ENABLE_OBJC_WEAK = YES;
				CLANG_WARN_BLOCK_CAPTURE_AUTORELEASING = YES;
				CLANG_WARN_BOOL_CONVERSION = YES;
				CLANG_WARN_COMMA = YES;
				CLANG_WARN_CONSTANT_CONVERSION = YES;
				CLANG_WARN_DEPRECATED_OBJC_IMPLEMENTATIONS = YES;
				CLANG_WARN_DIRECT_OBJC_ISA_USAGE = YES_ERROR;
				CLANG_WARN_DOCUMENTATION_COMMENTS = YES;
				CLANG_WARN_EMPTY_BODY = YES;
				CLANG_WARN_ENUM_CONVERSION = YES;
				CLANG_WARN_INFINITE_RECURSION = YES;
				CLANG_WARN_INT_CONVERSION = YES;
				CLANG_WARN_NON_LITERAL_NULL_CONVERSION = YES;
				CLANG_WARN_OBJC_IMPLICIT_RETAIN_SELF = YES;
				CLANG_WARN_OBJC_LITERAL_CONVERSION = YES;
				CLANG_WARN_OBJC_ROOT_CLASS = YES_ERROR;
				CLANG_WARN_QUOTED_INCLUDE_IN_FRAMEWORK_HEADER = YES;
				CLANG_WARN_RANGE_LOOP_ANALYSIS = YES;
				CLANG_WARN_STRICT_PROTOTYPES = YES;
				CLANG_WARN_SUSPICIOUS_MOVE = YES;
				CLANG_WARN_UNGUARDED_AVAILABILITY = YES_AGGRESSIVE;
				CLANG_WARN_UNREACHABLE_CODE = YES;
				CLANG_WARN__DUPLICATE_METHOD_MATCH = YES;
				COPY_PHASE_STRIP = NO;
				DEBUG_INFORMATION_FORMAT = "dwarf-with-dsym";
				ENABLE_NS_ASSERTIONS = NO;
				ENABLE_STRICT_OBJC_MSGSEND = YES;
				GCC_C_LANGUAGE_STANDARD = gnu11;
				GCC_NO_COMMON_BLOCKS = YES;
				GCC_WARN_64_TO_32_BIT_CONVERSION = YES;
				GCC_WARN_ABOUT_RETURN_TYPE = YES_ERROR;
				GCC_WARN_UNDECLARED_SELECTOR = YES;
				GCC_WARN_UNINITIALIZED_AUTOS = YES_AGGRESSIVE;
				GCC_WARN_UNUSED_FUNCTION = YES;
				GCC_WARN_UNUSED_VARIABLE = YES;
				IPHONEOS_DEPLOYMENT_TARGET = 15.5;
				MTL_ENABLE_DEBUG_INFO = NO;
				MTL_FAST_MATH = YES;
				SDKROOT = iphoneos;
				SWIFT_COMPILATION_MODE = wholemodule;
				SWIFT_OPTIMIZATION_LEVEL = "-O";
				VALIDATE_PRODUCT = YES;
			};
			name = Release;
		};
		402D01652897FD81008BEAA6 /* Debug */ = {
			isa = XCBuildConfiguration;
			baseConfigurationReference = 127AE2483C8A3DDE6F97535B /* Pods-Sport Center.debug.xcconfig */;
			buildSettings = {
				ASSETCATALOG_COMPILER_APPICON_NAME = AppIcon;
				ASSETCATALOG_COMPILER_GLOBAL_ACCENT_COLOR_NAME = AccentColor;
				CODE_SIGN_STYLE = Automatic;
				CURRENT_PROJECT_VERSION = 1;
				DEVELOPMENT_TEAM = Y97YKW5885;
				GENERATE_INFOPLIST_FILE = YES;
				INFOPLIST_FILE = "Sport Center/Info.plist";
				INFOPLIST_KEY_UIApplicationSupportsIndirectInputEvents = YES;
				INFOPLIST_KEY_UILaunchStoryboardName = LaunchScreen;
				INFOPLIST_KEY_UIMainStoryboardFile = Main;
				INFOPLIST_KEY_UISupportedInterfaceOrientations_iPad = "UIInterfaceOrientationPortrait UIInterfaceOrientationPortraitUpsideDown UIInterfaceOrientationLandscapeLeft UIInterfaceOrientationLandscapeRight";
				INFOPLIST_KEY_UISupportedInterfaceOrientations_iPhone = "UIInterfaceOrientationPortrait UIInterfaceOrientationLandscapeLeft UIInterfaceOrientationLandscapeRight";
				LD_RUNPATH_SEARCH_PATHS = (
					"$(inherited)",
					"@executable_path/Frameworks",
				);
				MARKETING_VERSION = 1.0;
				PRODUCT_BUNDLE_IDENTIFIER = "SWIFT.Sport-Center";
				PRODUCT_NAME = "$(TARGET_NAME)";
				SWIFT_EMIT_LOC_STRINGS = YES;
				SWIFT_VERSION = 5.0;
				TARGETED_DEVICE_FAMILY = "1,2";
			};
			name = Debug;
		};
		402D01662897FD81008BEAA6 /* Release */ = {
			isa = XCBuildConfiguration;
			baseConfigurationReference = 0DB6C30E2FFE9161FB488327 /* Pods-Sport Center.release.xcconfig */;
			buildSettings = {
				ASSETCATALOG_COMPILER_APPICON_NAME = AppIcon;
				ASSETCATALOG_COMPILER_GLOBAL_ACCENT_COLOR_NAME = AccentColor;
				CODE_SIGN_STYLE = Automatic;
				CURRENT_PROJECT_VERSION = 1;
				DEVELOPMENT_TEAM = Y97YKW5885;
				GENERATE_INFOPLIST_FILE = YES;
				INFOPLIST_FILE = "Sport Center/Info.plist";
				INFOPLIST_KEY_UIApplicationSupportsIndirectInputEvents = YES;
				INFOPLIST_KEY_UILaunchStoryboardName = LaunchScreen;
				INFOPLIST_KEY_UIMainStoryboardFile = Main;
				INFOPLIST_KEY_UISupportedInterfaceOrientations_iPad = "UIInterfaceOrientationPortrait UIInterfaceOrientationPortraitUpsideDown UIInterfaceOrientationLandscapeLeft UIInterfaceOrientationLandscapeRight";
				INFOPLIST_KEY_UISupportedInterfaceOrientations_iPhone = "UIInterfaceOrientationPortrait UIInterfaceOrientationLandscapeLeft UIInterfaceOrientationLandscapeRight";
				LD_RUNPATH_SEARCH_PATHS = (
					"$(inherited)",
					"@executable_path/Frameworks",
				);
				MARKETING_VERSION = 1.0;
				PRODUCT_BUNDLE_IDENTIFIER = "SWIFT.Sport-Center";
				PRODUCT_NAME = "$(TARGET_NAME)";
				SWIFT_EMIT_LOC_STRINGS = YES;
				SWIFT_VERSION = 5.0;
				TARGETED_DEVICE_FAMILY = "1,2";
			};
			name = Release;
		};
/* End XCBuildConfiguration section */

/* Begin XCConfigurationList section */
		402D014B2897FD80008BEAA6 /* Build configuration list for PBXProject "Sport Center" */ = {
			isa = XCConfigurationList;
			buildConfigurations = (
				402D01622897FD81008BEAA6 /* Debug */,
				402D01632897FD81008BEAA6 /* Release */,
			);
			defaultConfigurationIsVisible = 0;
			defaultConfigurationName = Release;
		};
		402D01642897FD81008BEAA6 /* Build configuration list for PBXNativeTarget "Sport Center" */ = {
			isa = XCConfigurationList;
			buildConfigurations = (
				402D01652897FD81008BEAA6 /* Debug */,
				402D01662897FD81008BEAA6 /* Release */,
			);
			defaultConfigurationIsVisible = 0;
			defaultConfigurationName = Release;
		};
/* End XCConfigurationList section */
	};
	rootObject = 402D01482897FD80008BEAA6 /* Project object */;
}
